
Microsoft Visual Studio Solution File, Format Version 12.00
# Visual Studio Version 16
VisualStudioVersion = 16.0.30709.132
MinimumVisualStudioVersion = 10.0.40219.1
Project("{8BC9CEB8-8B4A-11D0-8D11-00A0C91BC942}") = "libmpromptx", "libmpromptx.vcxproj", "{AFF5A4C1-5F72-47D4-92E7-92C052FC58C5}"
EndProject
Project("{8BC9CEB8-8B4A-11D0-8D11-00A0C91BC942}") = "testx", "testx.vcxproj", "{AFF5A4C2-5F72-47D4-92E7-92C052FC58C5}"
EndProject
Project("{8BC9CEB8-8B4A-11D0-8D11-00A0C91BC942}") = "libmpeffx", "libmpeffx.vcxproj", "{CC1B47E9-02CF-4840-867B-73E5A9620D13}"
EndProject
Project("{8BC9CEB8-8B4A-11D0-8D11-00A0C91BC942}") = "libmpwasmx", "libmpwasmx.vcxproj", "{CC1B47E9-02CF-4840-867B-73E5A9620D14}"
EndProject
Global
	GlobalSection(SolutionConfigurationPlatforms) = preSolution
		Debug|x64 = Debug|x64
		Release|x64 = Release|x64		
	EndGlobalSection
	GlobalSection(ProjectConfigurationPlatforms) = postSolution
		{AFF5A4C1-5F72-47D4-92E7-92C052FC58C5}.Debug|x64.ActiveCfg = Debug|x64
		{AFF5A4C1-5F72-47D4-92E7-92C052FC58C5}.Debug|x64.Build.0 = Debug|x64
		{AFF5A4C1-5F72-47D4-92E7-92C052FC58C5}.Release|x64.ActiveCfg = Release|x64
		{AFF5A4C1-5F72-47D4-92E7-92C052FC58C5}.Release|x64.Build.0 = Release|x64
		{AFF5A4C2-5F72-47D4-92E7-92C052FC58C5}.Debug|x64.ActiveCfg = Debug|x64
		{AFF5A4C2-5F72-47D4-92E7-92C052FC58C5}.Debug|x64.Build.0 = Debug|x64
		{AFF5A4C2-5F72-47D4-92E7-92C052FC58C5}.Release|x64.ActiveCfg = Release|x64
		{AFF5A4C2-5F72-47D4-92E7-92C052FC58C5}.Release|x64.Build.0 = Release|x64
		{CC1B47E9-02CF-4840-867B-73E5A9620D13}.Debug|x64.ActiveCfg = Debug|x64
		{CC1B47E9-02CF-4840-867B-73E5A9620D13}.Debug|x64.Build.0 = Debug|x64
		{CC1B47E9-02CF-4840-867B-73E5A9620D13}.Release|x64.ActiveCfg = Release|x64
		{CC1B47E9-02CF-4840-867B-73E5A9620D13}.Release|x64.Build.0 = Release|x64
		{CC1B47E9-02CF-4840-867B-73E5A9620D14}.Debug|x64.ActiveCfg = Debug|x64
		{CC1B47E9-02CF-4840-867B-73E5A9620D14}.Debug|x64.Build.0 = Debug|x64
		{CC1B47E9-02CF-4840-867B-73E5A9620D14}.Release|x64.ActiveCfg = Release|x64
		{CC1B47E9-02CF-4840-867B-73E5A9620D14}.Release|x64.Build.0 = Release|x64
	EndGlobalSection
	GlobalSection(SolutionProperties) = preSolution
		HideSolutionNode = FALSE
	EndGlobalSection
	GlobalSection(ExtensibilityGlobals) = postSolution
		SolutionGuid = {28376400-9930-4329-BC0C-8E2045348E50}
	EndGlobalSection
EndGlobal
